
Microsoft Visual Studio Solution File, Format Version 12.00
# Visual Studio 14
VisualStudioVersion = 14.0.23107.0
MinimumVisualStudioVersion = 10.0.40219.1
Project("{FAE04EC0-301F-11D3-BF4B-00C04F79EFBC}") = "ProductWebsite", "ProductWebsite\ProductWebsite.csproj", "{37B0FFFB-586D-4474-8E96-DE7BAE5E1DCA}"
EndProject
Project("{FAE04EC0-301F-11D3-BF4B-00C04F79EFBC}") = "ProductWebsite.Tests", "ProductWebsite.Tests\ProductWebsite.Tests.csproj", "{E06648BD-CC7D-4110-A7F7-420183F09BA3}"
EndProject
Global
	GlobalSection(SolutionConfigurationPlatforms) = preSolution
		Debug|Any CPU = Debug|Any CPU
		Release|Any CPU = Release|Any CPU
	EndGlobalSection
	GlobalSection(ProjectConfigurationPlatforms) = postSolution
		{37B0FFFB-586D-4474-8E96-DE7BAE5E1DCA}.Debug|Any CPU.ActiveCfg = Debug|Any CPU
		{37B0FFFB-586D-4474-8E96-DE7BAE5E1DCA}.Debug|Any CPU.Build.0 = Debug|Any CPU
		{37B0FFFB-586D-4474-8E96-DE7BAE5E1DCA}.Release|Any CPU.ActiveCfg = Release|Any CPU
		{37B0FFFB-586D-4474-8E96-DE7BAE5E1DCA}.Release|Any CPU.Build.0 = Release|Any CPU
		{E06648BD-CC7D-4110-A7F7-420183F09BA3}.Debug|Any CPU.ActiveCfg = Debug|Any CPU
		{E06648BD-CC7D-4110-A7F7-420183F09BA3}.Debug|Any CPU.Build.0 = Debug|Any CPU
		{E06648BD-CC7D-4110-A7F7-420183F09BA3}.Release|Any CPU.ActiveCfg = Release|Any CPU
		{E06648BD-CC7D-4110-A7F7-420183F09BA3}.Release|Any CPU.Build.0 = Release|Any CPU
	EndGlobalSection
	GlobalSection(SolutionProperties) = preSolution
		HideSolutionNode = FALSE
	EndGlobalSection
EndGlobal
